// !$*UTF8*$!
{
	archiveVersion = 1;
	classes = {
	};
	objectVersion = 50;
	objects = {

/* Begin PBXBuildFile section */
		28827322A99AB62BAA6DB158 /* libPods-二级列表.a in Frameworks */ = {isa = PBXBuildFile; fileRef = 47E07E1C005803F7A79360CE /* libPods-二级列表.a */; };
		8021418D20D8F18000687226 /* AppDelegate.m in Sources */ = {isa = PBXBuildFile; fileRef = 8021418C20D8F18000687226 /* AppDelegate.m */; };
		8021419020D8F18000687226 /* ViewController.m in Sources */ = {isa = PBXBuildFile; fileRef = 8021418F20D8F18000687226 /* ViewController.m */; };
		8021419320D8F18000687226 /* Main.storyboard in Resources */ = {isa = PBXBuildFile; fileRef = 8021419120D8F18000687226 /* Main.storyboard */; };
		8021419520D8F18100687226 /* Assets.xcassets in Resources */ = {isa = PBXBuildFile; fileRef = 8021419420D8F18100687226 /* Assets.xcassets */; };
		8021419820D8F18100687226 /* LaunchScreen.storyboard in Resources */ = {isa = PBXBuildFile; fileRef = 8021419620D8F18100687226 /* LaunchScreen.storyboard */; };
		8021419B20D8F18100687226 /* main.m in Sources */ = {isa = PBXBuildFile; fileRef = 8021419A20D8F18100687226 /* main.m */; };
		802141A520D8F18100687226 /* ____Tests.m in Sources */ = {isa = PBXBuildFile; fileRef = 802141A420D8F18100687226 /* ____Tests.m */; };
		802141B020D8F18100687226 /* ____UITests.m in Sources */ = {isa = PBXBuildFile; fileRef = 802141AF20D8F18100687226 /* ____UITests.m */; };
		802141C420D8F28D00687226 /* UIView+Extension.m in Sources */ = {isa = PBXBuildFile; fileRef = 802141C220D8F28D00687226 /* UIView+Extension.m */; };
		802141C920D8F2F200687226 /* CellModel.m in Sources */ = {isa = PBXBuildFile; fileRef = 802141C720D8F2F200687226 /* CellModel.m */; };
		802141CA20D8F2F200687226 /* HeaderModel.m in Sources */ = {isa = PBXBuildFile; fileRef = 802141C820D8F2F200687226 /* HeaderModel.m */; };
		802141CF20D8F2FC00687226 /* Cell.m in Sources */ = {isa = PBXBuildFile; fileRef = 802141CB20D8F2FC00687226 /* Cell.m */; };
		802141D020D8F2FC00687226 /* HeaderView.m in Sources */ = {isa = PBXBuildFile; fileRef = 802141CE20D8F2FC00687226 /* HeaderView.m */; };
		802141D220D8F32400687226 /* 向下箭头-4.png in Resources */ = {isa = PBXBuildFile; fileRef = 802141D120D8F32400687226 /* 向下箭头-4.png */; };
/* End PBXBuildFile section */

/* Begin PBXContainerItemProxy section */
		802141A120D8F18100687226 /* PBXContainerItemProxy */ = {
			isa = PBXContainerItemProxy;
			containerPortal = 8021418020D8F18000687226 /* Project object */;
			proxyType = 1;
			remoteGlobalIDString = 8021418720D8F18000687226;
			remoteInfo = "二级列表";
		};
		802141AC20D8F18100687226 /* PBXContainerItemProxy */ = {
			isa = PBXContainerItemProxy;
			containerPortal = 8021418020D8F18000687226 /* Project object */;
			proxyType = 1;
			remoteGlobalIDString = 8021418720D8F18000687226;
			remoteInfo = "二级列表";
		};
/* End PBXContainerItemProxy section */

/* Begin PBXFileReference section */
		3EEDC5161137C90E09D02F92 /* Pods-二级列表.debug.xcconfig */ = {isa = PBXFileReference; includeInIndex = 1; lastKnownFileType = text.xcconfig; name = "Pods-二级列表.debug.xcconfig"; path = "Pods/Target Support Files/Pods-二级列表/Pods-二级列表.debug.xcconfig"; sourceTree = "<group>"; };
		47E07E1C005803F7A79360CE /* libPods-二级列表.a */ = {isa = PBXFileReference; explicitFileType = archive.ar; includeInIndex = 0; path = "libPods-二级列表.a"; sourceTree = BUILT_PRODUCTS_DIR; };
		8021418820D8F18000687226 /* 二级列表.app */ = {isa = PBXFileReference; explicitFileType = wrapper.application; includeInIndex = 0; path = "二级列表.app"; sourceTree = BUILT_PRODUCTS_DIR; };
		8021418B20D8F18000687226 /* AppDelegate.h */ = {isa = PBXFileReference; lastKnownFileType = sourcecode.c.h; path = AppDelegate.h; sourceTree = "<group>"; };
		8021418C20D8F18000687226 /* AppDelegate.m */ = {isa = PBXFileReference; lastKnownFileType = sourcecode.c.objc; path = AppDelegate.m; sourceTree = "<group>"; };
		8021418E20D8F18000687226 /* ViewController.h */ = {isa = PBXFileReference; lastKnownFileType = sourcecode.c.h; path = ViewController.h; sourceTree = "<group>"; };
		8021418F20D8F18000687226 /* ViewController.m */ = {isa = PBXFileReference; lastKnownFileType = sourcecode.c.objc; path = ViewController.m; sourceTree = "<group>"; };
		8021419220D8F18000687226 /* Base */ = {isa = PBXFileReference; lastKnownFileType = file.storyboard; name = Base; path = Base.lproj/Main.storyboard; sourceTree = "<group>"; };
		8021419420D8F18100687226 /* Assets.xcassets */ = {isa = PBXFileReference; lastKnownFileType = folder.assetcatalog; path = Assets.xcassets; sourceTree = "<group>"; };
		8021419720D8F18100687226 /* Base */ = {isa = PBXFileReference; lastKnownFileType = file.storyboard; name = Base; path = Base.lproj/LaunchScreen.storyboard; sourceTree = "<group>"; };
		8021419920D8F18100687226 /* Info.plist */ = {isa = PBXFileReference; lastKnownFileType = text.plist.xml; path = Info.plist; sourceTree = "<group>"; };
		8021419A20D8F18100687226 /* main.m */ = {isa = PBXFileReference; lastKnownFileType = sourcecode.c.objc; path = main.m; sourceTree = "<group>"; };
		802141A020D8F18100687226 /* 二级列表Tests.xctest */ = {isa = PBXFileReference; explicitFileType = wrapper.cfbundle; includeInIndex = 0; path = "二级列表Tests.xctest"; sourceTree = BUILT_PRODUCTS_DIR; };
		802141A420D8F18100687226 /* ____Tests.m */ = {isa = PBXFileReference; lastKnownFileType = sourcecode.c.objc; path = "____Tests.m"; sourceTree = "<group>"; };
		802141A620D8F18100687226 /* Info.plist */ = {isa = PBXFileReference; lastKnownFileType = text.plist.xml; path = Info.plist; sourceTree = "<group>"; };
		802141AB20D8F18100687226 /* 二级列表UITests.xctest */ = {isa = PBXFileReference; explicitFileType = wrapper.cfbundle; includeInIndex = 0; path = "二级列表UITests.xctest"; sourceTree = BUILT_PRODUCTS_DIR; };
		802141AF20D8F18100687226 /* ____UITests.m */ = {isa = PBXFileReference; lastKnownFileType = sourcecode.c.objc; path = "____UITests.m"; sourceTree = "<group>"; };
		802141B120D8F18100687226 /* Info.plist */ = {isa = PBXFileReference; lastKnownFileType = text.plist.xml; path = Info.plist; sourceTree = "<group>"; };
		802141C120D8F24500687226 /* PrefixHeader.pch */ = {isa = PBXFileReference; lastKnownFileType = sourcecode.c.h; path = PrefixHeader.pch; sourceTree = "<group>"; };
		802141C220D8F28D00687226 /* UIView+Extension.m */ = {isa = PBXFileReference; fileEncoding = 4; lastKnownFileType = sourcecode.c.objc; path = "UIView+Extension.m"; sourceTree = "<group>"; };
		802141C320D8F28D00687226 /* UIView+Extension.h */ = {isa = PBXFileReference; fileEncoding = 4; lastKnownFileType = sourcecode.c.h; path = "UIView+Extension.h"; sourceTree = "<group>"; };
		802141C520D8F2F200687226 /* HeaderModel.h */ = {isa = PBXFileReference; fileEncoding = 4; lastKnownFileType = sourcecode.c.h; path = HeaderModel.h; sourceTree = "<group>"; };
		802141C620D8F2F200687226 /* CellModel.h */ = {isa = PBXFileReference; fileEncoding = 4; lastKnownFileType = sourcecode.c.h; path = CellModel.h; sourceTree = "<group>"; };
		802141C720D8F2F200687226 /* CellModel.m */ = {isa = PBXFileReference; fileEncoding = 4; lastKnownFileType = sourcecode.c.objc; path = CellModel.m; sourceTree = "<group>"; };
		802141C820D8F2F200687226 /* HeaderModel.m */ = {isa = PBXFileReference; fileEncoding = 4; lastKnownFileType = sourcecode.c.objc; path = HeaderModel.m; sourceTree = "<group>"; };
		802141CB20D8F2FC00687226 /* Cell.m */ = {isa = PBXFileReference; fileEncoding = 4; lastKnownFileType = sourcecode.c.objc; path = Cell.m; sourceTree = "<group>"; };
		802141CC20D8F2FC00687226 /* HeaderView.h */ = {isa = PBXFileReference; fileEncoding = 4; lastKnownFileType = sourcecode.c.h; path = HeaderView.h; sourceTree = "<group>"; };
		802141CD20D8F2FC00687226 /* Cell.h */ = {isa = PBXFileReference; fileEncoding = 4; lastKnownFileType = sourcecode.c.h; path = Cell.h; sourceTree = "<group>"; };
		802141CE20D8F2FC00687226 /* HeaderView.m */ = {isa = PBXFileReference; fileEncoding = 4; lastKnownFileType = sourcecode.c.objc; path = HeaderView.m; sourceTree = "<group>"; };
		802141D120D8F32400687226 /* 向下箭头-4.png */ = {isa = PBXFileReference; lastKnownFileType = image.png; path = "向下箭头-4.png"; sourceTree = "<group>"; };
		E84A027F8BD28DCF0C45850A /* Pods-二级列表.release.xcconfig */ = {isa = PBXFileReference; includeInIndex = 1; lastKnownFileType = text.xcconfig; name = "Pods-二级列表.release.xcconfig"; path = "Pods/Target Support Files/Pods-二级列表/Pods-二级列表.release.xcconfig"; sourceTree = "<group>"; };
/* End PBXFileReference section */

/* Begin PBXFrameworksBuildPhase section */
		8021418520D8F18000687226 /* Frameworks */ = {
			isa = PBXFrameworksBuildPhase;
			buildActionMask = 2147483647;
			files = (
				28827322A99AB62BAA6DB158 /* libPods-二级列表.a in Frameworks */,
			);
			runOnlyForDeploymentPostprocessing = 0;
		};
		8021419D20D8F18100687226 /* Frameworks */ = {
			isa = PBXFrameworksBuildPhase;
			buildActionMask = 2147483647;
			files = (
			);
			runOnlyForDeploymentPostprocessing = 0;
		};
		802141A820D8F18100687226 /* Frameworks */ = {
			isa = PBXFrameworksBuildPhase;
			buildActionMask = 2147483647;
			files = (
			);
			runOnlyForDeploymentPostprocessing = 0;
		};
/* End PBXFrameworksBuildPhase section */

/* Begin PBXGroup section */
		0999BC4545FC287A4085FB5B /* Pods */ = {
			isa = PBXGroup;
			children = (
				3EEDC5161137C90E09D02F92 /* Pods-二级列表.debug.xcconfig */,
				E84A027F8BD28DCF0C45850A /* Pods-二级列表.release.xcconfig */,
			);
			name = Pods;
			sourceTree = "<group>";
		};
		7D45F4FFB12DDF3DABA598C6 /* Frameworks */ = {
			isa = PBXGroup;
			children = (
				47E07E1C005803F7A79360CE /* libPods-二级列表.a */,
			);
			name = Frameworks;
			sourceTree = "<group>";
		};
		8021417F20D8F18000687226 = {
			isa = PBXGroup;
			children = (
				8021418A20D8F18000687226 /* 二级列表 */,
				802141A320D8F18100687226 /* 二级列表Tests */,
				802141AE20D8F18100687226 /* 二级列表UITests */,
				8021418920D8F18000687226 /* Products */,
				0999BC4545FC287A4085FB5B /* Pods */,
				7D45F4FFB12DDF3DABA598C6 /* Frameworks */,
			);
			sourceTree = "<group>";
		};
		8021418920D8F18000687226 /* Products */ = {
			isa = PBXGroup;
			children = (
				8021418820D8F18000687226 /* 二级列表.app */,
				802141A020D8F18100687226 /* 二级列表Tests.xctest */,
				802141AB20D8F18100687226 /* 二级列表UITests.xctest */,
			);
			name = Products;
			sourceTree = "<group>";
		};
		8021418A20D8F18000687226 /* 二级列表 */ = {
			isa = PBXGroup;
			children = (
				802141BF20D8F1AA00687226 /* Controller */,
				802141BD20D8F1AA00687226 /* Model */,
				802141BE20D8F1AA00687226 /* View */,
				8021418B20D8F18000687226 /* AppDelegate.h */,
				8021418C20D8F18000687226 /* AppDelegate.m */,
				802141C320D8F28D00687226 /* UIView+Extension.h */,
				802141C220D8F28D00687226 /* UIView+Extension.m */,
				8021419120D8F18000687226 /* Main.storyboard */,
				8021419420D8F18100687226 /* Assets.xcassets */,
				8021419620D8F18100687226 /* LaunchScreen.storyboard */,
				8021419920D8F18100687226 /* Info.plist */,
				8021419A20D8F18100687226 /* main.m */,
				802141C120D8F24500687226 /* PrefixHeader.pch */,
			);
			path = "二级列表";
			sourceTree = "<group>";
		};
		802141A320D8F18100687226 /* 二级列表Tests */ = {
			isa = PBXGroup;
			children = (
				802141A420D8F18100687226 /* ____Tests.m */,
				802141A620D8F18100687226 /* Info.plist */,
			);
			path = "二级列表Tests";
			sourceTree = "<group>";
		};
		802141AE20D8F18100687226 /* 二级列表UITests */ = {
			isa = PBXGroup;
			children = (
				802141AF20D8F18100687226 /* ____UITests.m */,
				802141B120D8F18100687226 /* Info.plist */,
			);
			path = "二级列表UITests";
			sourceTree = "<group>";
		};
		802141BD20D8F1AA00687226 /* Model */ = {
			isa = PBXGroup;
			children = (
				802141C620D8F2F200687226 /* CellModel.h */,
				802141C720D8F2F200687226 /* CellModel.m */,
				802141C520D8F2F200687226 /* HeaderModel.h */,
				802141C820D8F2F200687226 /* HeaderModel.m */,
			);
			path = Model;
			sourceTree = "<group>";
		};
		802141BE20D8F1AA00687226 /* View */ = {
			isa = PBXGroup;
			children = (
				802141CD20D8F2FC00687226 /* Cell.h */,
				802141CB20D8F2FC00687226 /* Cell.m */,
				802141CC20D8F2FC00687226 /* HeaderView.h */,
				802141CE20D8F2FC00687226 /* HeaderView.m */,
				802141D120D8F32400687226 /* 向下箭头-4.png */,
			);
			path = View;
			sourceTree = "<group>";
		};
		802141BF20D8F1AA00687226 /* Controller */ = {
			isa = PBXGroup;
			children = (
				8021418E20D8F18000687226 /* ViewController.h */,
				8021418F20D8F18000687226 /* ViewController.m */,
			);
			path = Controller;
			sourceTree = "<group>";
		};
/* End PBXGroup section */

/* Begin PBXNativeTarget section */
		8021418720D8F18000687226 /* 二级列表 */ = {
			isa = PBXNativeTarget;
			buildConfigurationList = 802141B420D8F18100687226 /* Build configuration list for PBXNativeTarget "二级列表" */;
			buildPhases = (
				908443B261A7A12039D955DD /* [CP] Check Pods Manifest.lock */,
				8021418420D8F18000687226 /* Sources */,
				8021418520D8F18000687226 /* Frameworks */,
				8021418620D8F18000687226 /* Resources */,
			);
			buildRules = (
			);
			dependencies = (
			);
			name = "二级列表";
			productName = "二级列表";
			productReference = 8021418820D8F18000687226 /* 二级列表.app */;
			productType = "com.apple.product-type.application";
		};
		8021419F20D8F18100687226 /* 二级列表Tests */ = {
			isa = PBXNativeTarget;
			buildConfigurationList = 802141B720D8F18100687226 /* Build configuration list for PBXNativeTarget "二级列表Tests" */;
			buildPhases = (
				8021419C20D8F18100687226 /* Sources */,
				8021419D20D8F18100687226 /* Frameworks */,
				8021419E20D8F18100687226 /* Resources */,
			);
			buildRules = (
			);
			dependencies = (
				802141A220D8F18100687226 /* PBXTargetDependency */,
			);
			name = "二级列表Tests";
			productName = "二级列表Tests";
			productReference = 802141A020D8F18100687226 /* 二级列表Tests.xctest */;
			productType = "com.apple.product-type.bundle.unit-test";
		};
		802141AA20D8F18100687226 /* 二级列表UITests */ = {
			isa = PBXNativeTarget;
			buildConfigurationList = 802141BA20D8F18100687226 /* Build configuration list for PBXNativeTarget "二级列表UITests" */;
			buildPhases = (
				802141A720D8F18100687226 /* Sources */,
				802141A820D8F18100687226 /* Frameworks */,
				802141A920D8F18100687226 /* Resources */,
			);
			buildRules = (
			);
			dependencies = (
				802141AD20D8F18100687226 /* PBXTargetDependency */,
			);
			name = "二级列表UITests";
			productName = "二级列表UITests";
			productReference = 802141AB20D8F18100687226 /* 二级列表UITests.xctest */;
			productType = "com.apple.product-type.bundle.ui-testing";
		};
/* End PBXNativeTarget section */

/* Begin PBXProject section */
		8021418020D8F18000687226 /* Project object */ = {
			isa = PBXProject;
			attributes = {
				LastUpgradeCheck = 0940;
				ORGANIZATIONNAME = "中都格罗唯视";
				TargetAttributes = {
					8021418720D8F18000687226 = {
						CreatedOnToolsVersion = 9.4;
					};
					8021419F20D8F18100687226 = {
						CreatedOnToolsVersion = 9.4;
						TestTargetID = 8021418720D8F18000687226;
					};
					802141AA20D8F18100687226 = {
						CreatedOnToolsVersion = 9.4;
						TestTargetID = 8021418720D8F18000687226;
					};
				};
			};
			buildConfigurationList = 8021418320D8F18000687226 /* Build configuration list for PBXProject "二级列表" */;
			compatibilityVersion = "Xcode 9.3";
			developmentRegion = en;
			hasScannedForEncodings = 0;
			knownRegions = (
				en,
				Base,
			);
			mainGroup = 8021417F20D8F18000687226;
			productRefGroup = 8021418920D8F18000687226 /* Products */;
			projectDirPath = "";
			projectRoot = "";
			targets = (
				8021418720D8F18000687226 /* 二级列表 */,
				8021419F20D8F18100687226 /* 二级列表Tests */,
				802141AA20D8F18100687226 /* 二级列表UITests */,
			);
		};
/* End PBXProject section */

/* Begin PBXResourcesBuildPhase section */
		8021418620D8F18000687226 /* Resources */ = {
			isa = PBXResourcesBuildPhase;
			buildActionMask = 2147483647;
			files = (
				8021419820D8F18100687226 /* LaunchScreen.storyboard in Resources */,
				8021419520D8F18100687226 /* Assets.xcassets in Resources */,
				8021419320D8F18000687226 /* Main.storyboard in Resources */,
				802141D220D8F32400687226 /* 向下箭头-4.png in Resources */,
			);
			runOnlyForDeploymentPostprocessing = 0;
		};
		8021419E20D8F18100687226 /* Resources */ = {
			isa = PBXResourcesBuildPhase;
			buildActionMask = 2147483647;
			files = (
			);
			runOnlyForDeploymentPostprocessing = 0;
		};
		802141A920D8F18100687226 /* Resources */ = {
			isa = PBXResourcesBuildPhase;
			buildActionMask = 2147483647;
			files = (
			);
			runOnlyForDeploymentPostprocessing = 0;
		};
/* End PBXResourcesBuildPhase section */

/* Begin PBXShellScriptBuildPhase section */
		908443B261A7A12039D955DD /* [CP] Check Pods Manifest.lock */ = {
			isa = PBXShellScriptBuildPhase;
			buildActionMask = 2147483647;
			files = (
			);
			inputPaths = (
				"${PODS_PODFILE_DIR_PATH}/Podfile.lock",
				"${PODS_ROOT}/Manifest.lock",
			);
			name = "[CP] Check Pods Manifest.lock";
			outputPaths = (
				"$(DERIVED_FILE_DIR)/Pods-二级列表-checkManifestLockResult.txt",
			);
			runOnlyForDeploymentPostprocessing = 0;
			shellPath = /bin/sh;
			shellScript = "diff \"${PODS_PODFILE_DIR_PATH}/Podfile.lock\" \"${PODS_ROOT}/Manifest.lock\" > /dev/null\nif [ $? != 0 ] ; then\n    # print error to STDERR\n    echo \"error: The sandbox is not in sync with the Podfile.lock. Run 'pod install' or update your CocoaPods installation.\" >&2\n    exit 1\nfi\n# This output is used by Xcode 'outputs' to avoid re-running this script phase.\necho \"SUCCESS\" > \"${SCRIPT_OUTPUT_FILE_0}\"\n";
			showEnvVarsInLog = 0;
		};
/* End PBXShellScriptBuildPhase section */

/* Begin PBXSourcesBuildPhase section */
		8021418420D8F18000687226 /* Sources */ = {
			isa = PBXSourcesBuildPhase;
			buildActionMask = 2147483647;
			files = (
				8021419020D8F18000687226 /* ViewController.m in Sources */,
				8021419B20D8F18100687226 /* main.m in Sources */,
				802141CA20D8F2F200687226 /* HeaderModel.m in Sources */,
				802141D020D8F2FC00687226 /* HeaderView.m in Sources */,
				802141C420D8F28D00687226 /* UIView+Extension.m in Sources */,
				802141C920D8F2F200687226 /* CellModel.m in Sources */,
				8021418D20D8F18000687226 /* AppDelegate.m in Sources */,
				802141CF20D8F2FC00687226 /* Cell.m in Sources */,
			);
			runOnlyForDeploymentPostprocessing = 0;
		};
		8021419C20D8F18100687226 /* Sources */ = {
			isa = PBXSourcesBuildPhase;
			buildActionMask = 2147483647;
			files = (
				802141A520D8F18100687226 /* ____Tests.m in Sources */,
			);
			runOnlyForDeploymentPostprocessing = 0;
		};
		802141A720D8F18100687226 /* Sources */ = {
			isa = PBXSourcesBuildPhase;
			buildActionMask = 2147483647;
			files = (
				802141B020D8F18100687226 /* ____UITests.m in Sources */,
			);
			runOnlyForDeploymentPostprocessing = 0;
		};
/* End PBXSourcesBuildPhase section */

/* Begin PBXTargetDependency section */
		802141A220D8F18100687226 /* PBXTargetDependency */ = {
			isa = PBXTargetDependency;
			target = 8021418720D8F18000687226 /* 二级列表 */;
			targetProxy = 802141A120D8F18100687226 /* PBXContainerItemProxy */;
		};
		802141AD20D8F18100687226 /* PBXTargetDependency */ = {
			isa = PBXTargetDependency;
			target = 8021418720D8F18000687226 /* 二级列表 */;
			targetProxy = 802141AC20D8F18100687226 /* PBXContainerItemProxy */;
		};
/* End PBXTargetDependency section */

/* Begin PBXVariantGroup section */
		8021419120D8F18000687226 /* Main.storyboard */ = {
			isa = PBXVariantGroup;
			children = (
				8021419220D8F18000687226 /* Base */,
			);
			name = Main.storyboard;
			sourceTree = "<group>";
		};
		8021419620D8F18100687226 /* LaunchScreen.storyboard */ = {
			isa = PBXVariantGroup;
			children = (
				8021419720D8F18100687226 /* Base */,
			);
			name = LaunchScreen.storyboard;
			sourceTree = "<group>";
		};
/* End PBXVariantGroup section */

/* Begin XCBuildConfiguration section */
		802141B220D8F18100687226 /* Debug */ = {
			isa = XCBuildConfiguration;
			buildSettings = {
				ALWAYS_SEARCH_USER_PATHS = NO;
				CLANG_ANALYZER_NONNULL = YES;
				CLANG_ANALYZER_NUMBER_OBJECT_CONVERSION = YES_AGGRESSIVE;
				CLANG_CXX_LANGUAGE_STANDARD = "gnu++14";
				CLANG_CXX_LIBRARY = "libc++";
				CLANG_ENABLE_MODULES = YES;
				CLANG_ENABLE_OBJC_ARC = YES;
				CLANG_ENABLE_OBJC_WEAK = YES;
				CLANG_WARN_BLOCK_CAPTURE_AUTORELEASING = YES;
				CLANG_WARN_BOOL_CONVERSION = YES;
				CLANG_WARN_COMMA = YES;
				CLANG_WARN_CONSTANT_CONVERSION = YES;
				CLANG_WARN_DEPRECATED_OBJC_IMPLEMENTATIONS = YES;
				CLANG_WARN_DIRECT_OBJC_ISA_USAGE = YES_ERROR;
				CLANG_WARN_DOCUMENTATION_COMMENTS = YES;
				CLANG_WARN_EMPTY_BODY = YES;
				CLANG_WARN_ENUM_CONVERSION = YES;
				CLANG_WARN_INFINITE_RECURSION = YES;
				CLANG_WARN_INT_CONVERSION = YES;
				CLANG_WARN_NON_LITERAL_NULL_CONVERSION = YES;
				CLANG_WARN_OBJC_IMPLICIT_RETAIN_SELF = YES;
				CLANG_WARN_OBJC_LITERAL_CONVERSION = YES;
				CLANG_WARN_OBJC_ROOT_CLASS = YES_ERROR;
				CLANG_WARN_RANGE_LOOP_ANALYSIS = YES;
				CLANG_WARN_STRICT_PROTOTYPES = YES;
				CLANG_WARN_SUSPICIOUS_MOVE = YES;
				CLANG_WARN_UNGUARDED_AVAILABILITY = YES_AGGRESSIVE;
				CLANG_WARN_UNREACHABLE_CODE = YES;
				CLANG_WARN__DUPLICATE_METHOD_MATCH = YES;
				CODE_SIGN_IDENTITY = "iPhone Developer";
				COPY_PHASE_STRIP = NO;
				DEBUG_INFORMATION_FORMAT = dwarf;
				ENABLE_STRICT_OBJC_MSGSEND = YES;
				ENABLE_TESTABILITY = YES;
				GCC_C_LANGUAGE_STANDARD = gnu11;
				GCC_DYNAMIC_NO_PIC = NO;
				GCC_NO_COMMON_BLOCKS = YES;
				GCC_OPTIMIZATION_LEVEL = 0;
				GCC_PREPROCESSOR_DEFINITIONS = (
					"DEBUG=1",
					"$(inherited)",
				);
				GCC_WARN_64_TO_32_BIT_CONVERSION = YES;
				GCC_WARN_ABOUT_RETURN_TYPE = YES_ERROR;
				GCC_WARN_UNDECLARED_SELECTOR = YES;
				GCC_WARN_UNINITIALIZED_AUTOS = YES_AGGRESSIVE;
				GCC_WARN_UNUSED_FUNCTION = YES;
				GCC_WARN_UNUSED_VARIABLE = YES;
				IPHONEOS_DEPLOYMENT_TARGET = 11.4;
				MTL_ENABLE_DEBUG_INFO = YES;
				ONLY_ACTIVE_ARCH = YES;
				SDKROOT = iphoneos;
			};
			name = Debug;
		};
		802141B320D8F18100687226 /* Release */ = {
			isa = XCBuildConfiguration;
			buildSettings = {
				ALWAYS_SEARCH_USER_PATHS = NO;
				CLANG_ANALYZER_NONNULL = YES;
				CLANG_ANALYZER_NUMBER_OBJECT_CONVERSION = YES_AGGRESSIVE;
				CLANG_CXX_LANGUAGE_STANDARD = "gnu++14";
				CLANG_CXX_LIBRARY = "libc++";
				CLANG_ENABLE_MODULES = YES;
				CLANG_ENABLE_OBJC_ARC = YES;
				CLANG_ENABLE_OBJC_WEAK = YES;
				CLANG_WARN_BLOCK_CAPTURE_AUTORELEASING = YES;
				CLANG_WARN_BOOL_CONVERSION = YES;
				CLANG_WARN_COMMA = YES;
				CLANG_WARN_CONSTANT_CONVERSION = YES;
				CLANG_WARN_DEPRECATED_OBJC_IMPLEMENTATIONS = YES;
				CLANG_WARN_DIRECT_OBJC_ISA_USAGE = YES_ERROR;
				CLANG_WARN_DOCUMENTATION_COMMENTS = YES;
				CLANG_WARN_EMPTY_BODY = YES;
				CLANG_WARN_ENUM_CONVERSION = YES;
				CLANG_WARN_INFINITE_RECURSION = YES;
				CLANG_WARN_INT_CONVERSION = YES;
				CLANG_WARN_NON_LITERAL_NULL_CONVERSION = YES;
				CLANG_WARN_OBJC_IMPLICIT_RETAIN_SELF = YES;
				CLANG_WARN_OBJC_LITERAL_CONVERSION = YES;
				CLANG_WARN_OBJC_ROOT_CLASS = YES_ERROR;
				CLANG_WARN_RANGE_LOOP_ANALYSIS = YES;
				CLANG_WARN_STRICT_PROTOTYPES = YES;
				CLANG_WARN_SUSPICIOUS_MOVE = YES;
				CLANG_WARN_UNGUARDED_AVAILABILITY = YES_AGGRESSIVE;
				CLANG_WARN_UNREACHABLE_CODE = YES;
				CLANG_WARN__DUPLICATE_METHOD_MATCH = YES;
				CODE_SIGN_IDENTITY = "iPhone Developer";
				COPY_PHASE_STRIP = NO;
				DEBUG_INFORMATION_FORMAT = "dwarf-with-dsym";
				ENABLE_NS_ASSERTIONS = NO;
				ENABLE_STRICT_OBJC_MSGSEND = YES;
				GCC_C_LANGUAGE_STANDARD = gnu11;
				GCC_NO_COMMON_BLOCKS = YES;
				GCC_WARN_64_TO_32_BIT_CONVERSION = YES;
				GCC_WARN_ABOUT_RETURN_TYPE = YES_ERROR;
				GCC_WARN_UNDECLARED_SELECTOR = YES;
				GCC_WARN_UNINITIALIZED_AUTOS = YES_AGGRESSIVE;
				GCC_WARN_UNUSED_FUNCTION = YES;
				GCC_WARN_UNUSED_VARIABLE = YES;
				IPHONEOS_DEPLOYMENT_TARGET = 11.4;
				MTL_ENABLE_DEBUG_INFO = NO;
				SDKROOT = iphoneos;
				VALIDATE_PRODUCT = YES;
			};
			name = Release;
		};
		802141B520D8F18100687226 /* Debug */ = {
			isa = XCBuildConfiguration;
			baseConfigurationReference = 3EEDC5161137C90E09D02F92 /* Pods-二级列表.debug.xcconfig */;
			buildSettings = {
				ASSETCATALOG_COMPILER_APPICON_NAME = AppIcon;
				CODE_SIGN_STYLE = Automatic;
				DEVELOPMENT_TEAM = 54MPCG4PLY;
				GCC_PREFIX_HEADER = "$(SRCROOT)/二级列表/PrefixHeader.pch";
				INFOPLIST_FILE = "二级列表/Info.plist";
				LD_RUNPATH_SEARCH_PATHS = (
					"$(inherited)",
					"@executable_path/Frameworks",
				);
				PRODUCT_BUNDLE_IDENTIFIER = "cn.com.hyundai.----";
				PRODUCT_NAME = "$(TARGET_NAME)";
				TARGETED_DEVICE_FAMILY = "1,2";
			};
			name = Debug;
		};
		802141B620D8F18100687226 /* Release */ = {
			isa = XCBuildConfiguration;
			baseConfigurationReference = E84A027F8BD28DCF0C45850A /* Pods-二级列表.release.xcconfig */;
			buildSettings = {
				ASSETCATALOG_COMPILER_APPICON_NAME = AppIcon;
				CODE_SIGN_STYLE = Automatic;
				DEVELOPMENT_TEAM = 54MPCG4PLY;
				GCC_PREFIX_HEADER = "$(SRCROOT)/二级列表/PrefixHeader.pch";
				INFOPLIST_FILE = "二级列表/Info.plist";
				LD_RUNPATH_SEARCH_PATHS = (
					"$(inherited)",
					"@executable_path/Frameworks",
				);
				PRODUCT_BUNDLE_IDENTIFIER = "cn.com.hyundai.----";
				PRODUCT_NAME = "$(TARGET_NAME)";
				TARGETED_DEVICE_FAMILY = "1,2";
			};
			name = Release;
		};
		802141B820D8F18100687226 /* Debug */ = {
			isa = XCBuildConfiguration;
			buildSettings = {
				BUNDLE_LOADER = "$(TEST_HOST)";
				CODE_SIGN_STYLE = Automatic;
				DEVELOPMENT_TEAM = M73FT4GVKP;
				INFOPLIST_FILE = "二级列表Tests/Info.plist";
				LD_RUNPATH_SEARCH_PATHS = (
					"$(inherited)",
					"@executable_path/Frameworks",
					"@loader_path/Frameworks",
				);
				PRODUCT_BUNDLE_IDENTIFIER = "cn.com.hyundai.----Tests";
				PRODUCT_NAME = "$(TARGET_NAME)";
				TARGETED_DEVICE_FAMILY = "1,2";
				TEST_HOST = "$(BUILT_PRODUCTS_DIR)/二级列表.app/二级列表";
			};
			name = Debug;
		};
		802141B920D8F18100687226 /* Release */ = {
			isa = XCBuildConfiguration;
			buildSettings = {
				BUNDLE_LOADER = "$(TEST_HOST)";
				CODE_SIGN_STYLE = Automatic;
				DEVELOPMENT_TEAM = M73FT4GVKP;
				INFOPLIST_FILE = "二级列表Tests/Info.plist";
				LD_RUNPATH_SEARCH_PATHS = (
					"$(inherited)",
					"@executable_path/Frameworks",
					"@loader_path/Frameworks",
				);
				PRODUCT_BUNDLE_IDENTIFIER = "cn.com.hyundai.----Tests";
				PRODUCT_NAME = "$(TARGET_NAME)";
				TARGETED_DEVICE_FAMILY = "1,2";
				TEST_HOST = "$(BUILT_PRODUCTS_DIR)/二级列表.app/二级列表";
			};
			name = Release;
		};
		802141BB20D8F18100687226 /* Debug */ = {
			isa = XCBuildConfiguration;
			buildSettings = {
				CODE_SIGN_STYLE = Automatic;
				DEVELOPMENT_TEAM = M73FT4GVKP;
				INFOPLIST_FILE = "二级列表UITests/Info.plist";
				LD_RUNPATH_SEARCH_PATHS = (
					"$(inherited)",
					"@executable_path/Frameworks",
					"@loader_path/Frameworks",
				);
				PRODUCT_BUNDLE_IDENTIFIER = "cn.com.hyundai.----UITests";
				PRODUCT_NAME = "$(TARGET_NAME)";
				TARGETED_DEVICE_FAMILY = "1,2";
				TEST_TARGET_NAME = "二级列表";
			};
			name = Debug;
		};
		802141BC20D8F18100687226 /* Release */ = {
			isa = XCBuildConfiguration;
			buildSettings = {
				CODE_SIGN_STYLE = Automatic;
				DEVELOPMENT_TEAM = M73FT4GVKP;
				INFOPLIST_FILE = "二级列表UITests/Info.plist";
				LD_RUNPATH_SEARCH_PATHS = (
					"$(inherited)",
					"@executable_path/Frameworks",
					"@loader_path/Frameworks",
				);
				PRODUCT_BUNDLE_IDENTIFIER = "cn.com.hyundai.----UITests";
				PRODUCT_NAME = "$(TARGET_NAME)";
				TARGETED_DEVICE_FAMILY = "1,2";
				TEST_TARGET_NAME = "二级列表";
			};
			name = Release;
		};
/* End XCBuildConfiguration section */

/* Begin XCConfigurationList section */
		8021418320D8F18000687226 /* Build configuration list for PBXProject "二级列表" */ = {
			isa = XCConfigurationList;
			buildConfigurations = (
				802141B220D8F18100687226 /* Debug */,
				802141B320D8F18100687226 /* Release */,
			);
			defaultConfigurationIsVisible = 0;
			defaultConfigurationName = Release;
		};
		802141B420D8F18100687226 /* Build configuration list for PBXNativeTarget "二级列表" */ = {
			isa = XCConfigurationList;
			buildConfigurations = (
				802141B520D8F18100687226 /* Debug */,
				802141B620D8F18100687226 /* Release */,
			);
			defaultConfigurationIsVisible = 0;
			defaultConfigurationName = Release;
		};
		802141B720D8F18100687226 /* Build configuration list for PBXNativeTarget "二级列表Tests" */ = {
			isa = XCConfigurationList;
			buildConfigurations = (
				802141B820D8F18100687226 /* Debug */,
				802141B920D8F18100687226 /* Release */,
			);
			defaultConfigurationIsVisible = 0;
			defaultConfigurationName = Release;
		};
		802141BA20D8F18100687226 /* Build configuration list for PBXNativeTarget "二级列表UITests" */ = {
			isa = XCConfigurationList;
			buildConfigurations = (
				802141BB20D8F18100687226 /* Debug */,
				802141BC20D8F18100687226 /* Release */,
			);
			defaultConfigurationIsVisible = 0;
			defaultConfigurationName = Release;
		};
/* End XCConfigurationList section */
	};
	rootObject = 8021418020D8F18000687226 /* Project object */;
}
